
Microsoft Visual Studio Solution File, Format Version 12.00
# Visual Studio Version 16
VisualStudioVersion = 16.0.32929.386
MinimumVisualStudioVersion = 10.0.40219.1
Project("{FAE04EC0-301F-11D3-BF4B-00C04F79EFBC}") = "Wpf_INDEPENDENT WORK 2", "Wpf_INDEPENDENT WORK 2\Wpf_INDEPENDENT WORK 2.csproj", "{0F85D81F-F399-49C2-99CC-9D87E4699808}"
EndProject
Global
	GlobalSection(SolutionConfigurationPlatforms) = preSolution
		Debug|Any CPU = Debug|Any CPU
		Release|Any CPU = Release|Any CPU
	EndGlobalSection
	GlobalSection(ProjectConfigurationPlatforms) = postSolution
		{0F85D81F-F399-49C2-99CC-9D87E4699808}.Debug|Any CPU.ActiveCfg = Debug|Any CPU
		{0F85D81F-F399-49C2-99CC-9D87E4699808}.Debug|Any CPU.Build.0 = Debug|Any CPU
		{0F85D81F-F399-49C2-99CC-9D87E4699808}.Release|Any CPU.ActiveCfg = Release|Any CPU
		{0F85D81F-F399-49C2-99CC-9D87E4699808}.Release|Any CPU.Build.0 = Release|Any CPU
	EndGlobalSection
	GlobalSection(SolutionProperties) = preSolution
		HideSolutionNode = FALSE
	EndGlobalSection
	GlobalSection(ExtensibilityGlobals) = postSolution
		SolutionGuid = {910EB837-236D-4154-A9C5-E12BF86382EB}
	EndGlobalSection
EndGlobal
